
Microsoft Visual Studio Solution File, Format Version 12.00
# Visual Studio Version 16
VisualStudioVersion = 16.0.31025.194
MinimumVisualStudioVersion = 10.0.40219.1
Project("{9A19103F-16F7-4668-BE54-9A1E7A4F7556}") = "FinalASM_TanNV23", "FinalASM_TanNV23\FinalASM_TanNV23.csproj", "{0BB03DA9-E11D-4899-9766-8586E672BC50}"
EndProject
Project("{9A19103F-16F7-4668-BE54-9A1E7A4F7556}") = "Core", "Core\Core.csproj", "{36ACD3A6-B6D8-44D7-BEFF-E2A2124BBA7A}"
EndProject
Project("{FAE04EC0-301F-11D3-BF4B-00C04F79EFBC}") = "API", "API\API.csproj", "{E16B1E6E-F077-4E97-9B14-C497A8468F2A}"
EndProject
Global
	GlobalSection(SolutionConfigurationPlatforms) = preSolution
		Debug|Any CPU = Debug|Any CPU
		Release|Any CPU = Release|Any CPU
	EndGlobalSection
	GlobalSection(ProjectConfigurationPlatforms) = postSolution
		{0BB03DA9-E11D-4899-9766-8586E672BC50}.Debug|Any CPU.ActiveCfg = Debug|Any CPU
		{0BB03DA9-E11D-4899-9766-8586E672BC50}.Debug|Any CPU.Build.0 = Debug|Any CPU
		{0BB03DA9-E11D-4899-9766-8586E672BC50}.Release|Any CPU.ActiveCfg = Release|Any CPU
		{0BB03DA9-E11D-4899-9766-8586E672BC50}.Release|Any CPU.Build.0 = Release|Any CPU
		{36ACD3A6-B6D8-44D7-BEFF-E2A2124BBA7A}.Debug|Any CPU.ActiveCfg = Debug|Any CPU
		{36ACD3A6-B6D8-44D7-BEFF-E2A2124BBA7A}.Debug|Any CPU.Build.0 = Debug|Any CPU
		{36ACD3A6-B6D8-44D7-BEFF-E2A2124BBA7A}.Release|Any CPU.ActiveCfg = Release|Any CPU
		{36ACD3A6-B6D8-44D7-BEFF-E2A2124BBA7A}.Release|Any CPU.Build.0 = Release|Any CPU
		{E16B1E6E-F077-4E97-9B14-C497A8468F2A}.Debug|Any CPU.ActiveCfg = Debug|Any CPU
		{E16B1E6E-F077-4E97-9B14-C497A8468F2A}.Debug|Any CPU.Build.0 = Debug|Any CPU
		{E16B1E6E-F077-4E97-9B14-C497A8468F2A}.Release|Any CPU.ActiveCfg = Release|Any CPU
		{E16B1E6E-F077-4E97-9B14-C497A8468F2A}.Release|Any CPU.Build.0 = Release|Any CPU
	EndGlobalSection
	GlobalSection(SolutionProperties) = preSolution
		HideSolutionNode = FALSE
	EndGlobalSection
	GlobalSection(ExtensibilityGlobals) = postSolution
		SolutionGuid = {149177EE-1DF6-465C-BE30-24E483332D10}
	EndGlobalSection
EndGlobal
